PODS:
  - RainKit (0.0.1)
  - Starscream (3.0.6)

DEPENDENCIES:
  - RainKit
  - Starscream (~> 3.0.2)

SPEC REPOS:
  trunk:
    - RainKit
    - Starscream

SPEC CHECKSUMS:
  RainKit: 3355658800a99b62460347f1c99fb6e9003e9beb
  Starscream: ef3ece99d765eeccb67de105bfa143f929026cf5

PODFILE CHECKSUM: 3d0fb0fd01a10c2bc0f6657fbbae5be51673b9d0

COCOAPODS: 1.8.3
