// !$*UTF8*$!
{
	archiveVersion = 1;
	classes = {
	};
	objectVersion = 51;
	objects = {

/* Begin PBXBuildFile section */
		C10A4F0D23A5E0640060891C /* TradingPageViewController.swift in Sources */ = {isa = PBXBuildFile; fileRef = C10A4F0C23A5E0640060891C /* TradingPageViewController.swift */; };
		C1114405239D39B7009854A8 /* AppDelegate.swift in Sources */ = {isa = PBXBuildFile; fileRef = C1114404239D39B7009854A8 /* AppDelegate.swift */; };
		C1114407239D39B7009854A8 /* TradingViewController.swift in Sources */ = {isa = PBXBuildFile; fileRef = C1114406239D39B7009854A8 /* TradingViewController.swift */; };
		C111440A239D39B7009854A8 /* Main.storyboard in Resources */ = {isa = PBXBuildFile; fileRef = C1114408239D39B7009854A8 /* Main.storyboard */; };
		C111440C239D39B8009854A8 /* Assets.xcassets in Resources */ = {isa = PBXBuildFile; fileRef = C111440B239D39B8009854A8 /* Assets.xcassets */; };
		C111440F239D39B8009854A8 /* LaunchScreen.storyboard in Resources */ = {isa = PBXBuildFile; fileRef = C111440D239D39B8009854A8 /* LaunchScreen.storyboard */; };
		C14247D423A5E5D300E73DAA /* TradingCollectionViewHeader.swift in Sources */ = {isa = PBXBuildFile; fileRef = C14247D323A5E5D300E73DAA /* TradingCollectionViewHeader.swift */; };
		C1C02E1C23A6928D00A3DE70 /* HistoryViewController.swift in Sources */ = {isa = PBXBuildFile; fileRef = C1C02E1B23A6928D00A3DE70 /* HistoryViewController.swift */; };
		C1C02E1E23A692B700A3DE70 /* HistoryViewModel.swift in Sources */ = {isa = PBXBuildFile; fileRef = C1C02E1D23A692B700A3DE70 /* HistoryViewModel.swift */; };
		C1C02E2023A6984C00A3DE70 /* HistoryCollectionViewHeader.swift in Sources */ = {isa = PBXBuildFile; fileRef = C1C02E1F23A6984C00A3DE70 /* HistoryCollectionViewHeader.swift */; };
		C1C02E2223A69A0C00A3DE70 /* HistoryCollectionViewCell.swift in Sources */ = {isa = PBXBuildFile; fileRef = C1C02E2123A69A0C00A3DE70 /* HistoryCollectionViewCell.swift */; };
		C1FBAF6E239D3CB8005A70B8 /* Model.swift in Sources */ = {isa = PBXBuildFile; fileRef = C1FBAF6D239D3CB8005A70B8 /* Model.swift */; };
		C1FBAF70239D4617005A70B8 /* ArrayExtension.swift in Sources */ = {isa = PBXBuildFile; fileRef = C1FBAF6F239D4617005A70B8 /* ArrayExtension.swift */; };
		C1FBAF72239D4A28005A70B8 /* TradingViewModel.swift in Sources */ = {isa = PBXBuildFile; fileRef = C1FBAF71239D4A28005A70B8 /* TradingViewModel.swift */; };
		C1FBAF74239D4E30005A70B8 /* UIView+Constrains.swift in Sources */ = {isa = PBXBuildFile; fileRef = C1FBAF73239D4E30005A70B8 /* UIView+Constrains.swift */; };
		C1FBAF76239D4EC8005A70B8 /* NSObject+ClassName.swift in Sources */ = {isa = PBXBuildFile; fileRef = C1FBAF75239D4EC8005A70B8 /* NSObject+ClassName.swift */; };
		C1FBAF78239D4F17005A70B8 /* TradingCollectionViewCell.swift in Sources */ = {isa = PBXBuildFile; fileRef = C1FBAF77239D4F17005A70B8 /* TradingCollectionViewCell.swift */; };
		C1FBAF81239D55AF005A70B8 /* UICollectionViewExtension.swift in Sources */ = {isa = PBXBuildFile; fileRef = C1FBAF80239D55AF005A70B8 /* UICollectionViewExtension.swift */; };
		C1FBAF84239D65D4005A70B8 /* WebService.swift in Sources */ = {isa = PBXBuildFile; fileRef = C1FBAF83239D65D4005A70B8 /* WebService.swift */; };
		C1FBAF86239D6A2E005A70B8 /* MoyaTarget.swift in Sources */ = {isa = PBXBuildFile; fileRef = C1FBAF85239D6A2E005A70B8 /* MoyaTarget.swift */; };
		F4D053A75AC0556FA35A5A11 /* Pods_BinanceTest.framework in Frameworks */ = {isa = PBXBuildFile; fileRef = 7E4B83043DAE58C1BFA0D00D /* Pods_BinanceTest.framework */; };
/* End PBXBuildFile section */

/* Begin PBXFileReference section */
		1334EE57CC63FA96FE7E5F81 /* Pods-BinanceTest.debug.xcconfig */ = {isa = PBXFileReference; includeInIndex = 1; lastKnownFileType = text.xcconfig; name = "Pods-BinanceTest.debug.xcconfig"; path = "Target Support Files/Pods-BinanceTest/Pods-BinanceTest.debug.xcconfig"; sourceTree = "<group>"; };
		4C8EEF343E5F43AB601AEC76 /* Pods-BinanceTest.release.xcconfig */ = {isa = PBXFileReference; includeInIndex = 1; lastKnownFileType = text.xcconfig; name = "Pods-BinanceTest.release.xcconfig"; path = "Target Support Files/Pods-BinanceTest/Pods-BinanceTest.release.xcconfig"; sourceTree = "<group>"; };
		7E4B83043DAE58C1BFA0D00D /* Pods_BinanceTest.framework */ = {isa = PBXFileReference; explicitFileType = wrapper.framework; includeInIndex = 0; path = Pods_BinanceTest.framework; sourceTree = BUILT_PRODUCTS_DIR; };
		C10A4F0C23A5E0640060891C /* TradingPageViewController.swift */ = {isa = PBXFileReference; lastKnownFileType = sourcecode.swift; path = TradingPageViewController.swift; sourceTree = "<group>"; };
		C1114401239D39B7009854A8 /* BinanceTest.app */ = {isa = PBXFileReference; explicitFileType = wrapper.application; includeInIndex = 0; path = BinanceTest.app; sourceTree = BUILT_PRODUCTS_DIR; };
		C1114404239D39B7009854A8 /* AppDelegate.swift */ = {isa = PBXFileReference; lastKnownFileType = sourcecode.swift; path = AppDelegate.swift; sourceTree = "<group>"; };
		C1114406239D39B7009854A8 /* TradingViewController.swift */ = {isa = PBXFileReference; lastKnownFileType = sourcecode.swift; path = TradingViewController.swift; sourceTree = "<group>"; };
		C1114409239D39B7009854A8 /* Base */ = {isa = PBXFileReference; lastKnownFileType = file.storyboard; name = Base; path = Base.lproj/Main.storyboard; sourceTree = "<group>"; };
		C111440B239D39B8009854A8 /* Assets.xcassets */ = {isa = PBXFileReference; lastKnownFileType = folder.assetcatalog; path = Assets.xcassets; sourceTree = "<group>"; };
		C111440E239D39B8009854A8 /* Base */ = {isa = PBXFileReference; lastKnownFileType = file.storyboard; name = Base; path = Base.lproj/LaunchScreen.storyboard; sourceTree = "<group>"; };
		C1114410239D39B8009854A8 /* Info.plist */ = {isa = PBXFileReference; lastKnownFileType = text.plist.xml; path = Info.plist; sourceTree = "<group>"; };
		C14247D323A5E5D300E73DAA /* TradingCollectionViewHeader.swift */ = {isa = PBXFileReference; lastKnownFileType = sourcecode.swift; path = TradingCollectionViewHeader.swift; sourceTree = "<group>"; };
		C1C02E1B23A6928D00A3DE70 /* HistoryViewController.swift */ = {isa = PBXFileReference; lastKnownFileType = sourcecode.swift; path = HistoryViewController.swift; sourceTree = "<group>"; };
		C1C02E1D23A692B700A3DE70 /* HistoryViewModel.swift */ = {isa = PBXFileReference; lastKnownFileType = sourcecode.swift; path = HistoryViewModel.swift; sourceTree = "<group>"; };
		C1C02E1F23A6984C00A3DE70 /* HistoryCollectionViewHeader.swift */ = {isa = PBXFileReference; lastKnownFileType = sourcecode.swift; path = HistoryCollectionViewHeader.swift; sourceTree = "<group>"; };
		C1C02E2123A69A0C00A3DE70 /* HistoryCollectionViewCell.swift */ = {isa = PBXFileReference; lastKnownFileType = sourcecode.swift; path = HistoryCollectionViewCell.swift; sourceTree = "<group>"; };
		C1FBAF6D239D3CB8005A70B8 /* Model.swift */ = {isa = PBXFileReference; lastKnownFileType = sourcecode.swift; path = Model.swift; sourceTree = "<group>"; };
		C1FBAF6F239D4617005A70B8 /* ArrayExtension.swift */ = {isa = PBXFileReference; lastKnownFileType = sourcecode.swift; path = ArrayExtension.swift; sourceTree = "<group>"; };
		C1FBAF71239D4A28005A70B8 /* TradingViewModel.swift */ = {isa = PBXFileReference; lastKnownFileType = sourcecode.swift; path = TradingViewModel.swift; sourceTree = "<group>"; };
		C1FBAF73239D4E30005A70B8 /* UIView+Constrains.swift */ = {isa = PBXFileReference; lastKnownFileType = sourcecode.swift; path = "UIView+Constrains.swift"; sourceTree = "<group>"; };
		C1FBAF75239D4EC8005A70B8 /* NSObject+ClassName.swift */ = {isa = PBXFileReference; lastKnownFileType = sourcecode.swift; path = "NSObject+ClassName.swift"; sourceTree = "<group>"; };
		C1FBAF77239D4F17005A70B8 /* TradingCollectionViewCell.swift */ = {isa = PBXFileReference; lastKnownFileType = sourcecode.swift; path = TradingCollectionViewCell.swift; sourceTree = "<group>"; };
		C1FBAF80239D55AF005A70B8 /* UICollectionViewExtension.swift */ = {isa = PBXFileReference; lastKnownFileType = sourcecode.swift; path = UICollectionViewExtension.swift; sourceTree = "<group>"; };
		C1FBAF83239D65D4005A70B8 /* WebService.swift */ = {isa = PBXFileReference; lastKnownFileType = sourcecode.swift; path = WebService.swift; sourceTree = "<group>"; };
		C1FBAF85239D6A2E005A70B8 /* MoyaTarget.swift */ = {isa = PBXFileReference; lastKnownFileType = sourcecode.swift; path = MoyaTarget.swift; sourceTree = "<group>"; };
/* End PBXFileReference section */

/* Begin PBXFrameworksBuildPhase section */
		C11143FE239D39B7009854A8 /* Frameworks */ = {
			isa = PBXFrameworksBuildPhase;
			buildActionMask = 2147483647;
			files = (
				F4D053A75AC0556FA35A5A11 /* Pods_BinanceTest.framework in Frameworks */,
			);
			runOnlyForDeploymentPostprocessing = 0;
		};
/* End PBXFrameworksBuildPhase section */

/* Begin PBXGroup section */
		2A586E26C91293994DC8FFC6 /* Pods */ = {
			isa = PBXGroup;
			children = (
				1334EE57CC63FA96FE7E5F81 /* Pods-BinanceTest.debug.xcconfig */,
				4C8EEF343E5F43AB601AEC76 /* Pods-BinanceTest.release.xcconfig */,
			);
			path = Pods;
			sourceTree = "<group>";
		};
		9CABC3807D4A508AE56148B2 /* Frameworks */ = {
			isa = PBXGroup;
			children = (
				7E4B83043DAE58C1BFA0D00D /* Pods_BinanceTest.framework */,
			);
			name = Frameworks;
			sourceTree = "<group>";
		};
		C11143F8239D39B7009854A8 = {
			isa = PBXGroup;
			children = (
				C1114403239D39B7009854A8 /* BinanceTest */,
				C1114402239D39B7009854A8 /* Products */,
				2A586E26C91293994DC8FFC6 /* Pods */,
				9CABC3807D4A508AE56148B2 /* Frameworks */,
			);
			sourceTree = "<group>";
		};
		C1114402239D39B7009854A8 /* Products */ = {
			isa = PBXGroup;
			children = (
				C1114401239D39B7009854A8 /* BinanceTest.app */,
			);
			name = Products;
			sourceTree = "<group>";
		};
		C1114403239D39B7009854A8 /* BinanceTest */ = {
			isa = PBXGroup;
			children = (
				C1114404239D39B7009854A8 /* AppDelegate.swift */,
				C1FBAF82239D65B8005A70B8 /* WebService */,
				C1FBAF7F239D4F75005A70B8 /* Storyboard */,
				C1FBAF7D239D4F4E005A70B8 /* Extension */,
				C1FBAF7C239D4F3E005A70B8 /* ViewController */,
				C1FBAF7B239D4F37005A70B8 /* ViewModel */,
				C1FBAF7A239D4F28005A70B8 /* View */,
				C1FBAF7E239D4F5B005A70B8 /* Model */,
				C111440B239D39B8009854A8 /* Assets.xcassets */,
				C1114410239D39B8009854A8 /* Info.plist */,
			);
			path = BinanceTest;
			sourceTree = "<group>";
		};
		C14247D523A5E8CF00E73DAA /* Header */ = {
			isa = PBXGroup;
			children = (
				C14247D323A5E5D300E73DAA /* TradingCollectionViewHeader.swift */,
				C1C02E1F23A6984C00A3DE70 /* HistoryCollectionViewHeader.swift */,
			);
			path = Header;
			sourceTree = "<group>";
		};
		C1FBAF79239D4F20005A70B8 /* Cell */ = {
			isa = PBXGroup;
			children = (
				C1FBAF77239D4F17005A70B8 /* TradingCollectionViewCell.swift */,
				C1C02E2123A69A0C00A3DE70 /* HistoryCollectionViewCell.swift */,
			);
			path = Cell;
			sourceTree = "<group>";
		};
		C1FBAF7A239D4F28005A70B8 /* View */ = {
			isa = PBXGroup;
			children = (
				C14247D523A5E8CF00E73DAA /* Header */,
				C1FBAF79239D4F20005A70B8 /* Cell */,
			);
			path = View;
			sourceTree = "<group>";
		};
		C1FBAF7B239D4F37005A70B8 /* ViewModel */ = {
			isa = PBXGroup;
			children = (
				C1FBAF71239D4A28005A70B8 /* TradingViewModel.swift */,
				C1C02E1D23A692B700A3DE70 /* HistoryViewModel.swift */,
			);
			path = ViewModel;
			sourceTree = "<group>";
		};
		C1FBAF7C239D4F3E005A70B8 /* ViewController */ = {
			isa = PBXGroup;
			children = (
				C10A4F0C23A5E0640060891C /* TradingPageViewController.swift */,
				C1114406239D39B7009854A8 /* TradingViewController.swift */,
				C1C02E1B23A6928D00A3DE70 /* HistoryViewController.swift */,
			);
			path = ViewController;
			sourceTree = "<group>";
		};
		C1FBAF7D239D4F4E005A70B8 /* Extension */ = {
			isa = PBXGroup;
			children = (
				C1FBAF73239D4E30005A70B8 /* UIView+Constrains.swift */,
				C1FBAF75239D4EC8005A70B8 /* NSObject+ClassName.swift */,
				C1FBAF6F239D4617005A70B8 /* ArrayExtension.swift */,
				C1FBAF80239D55AF005A70B8 /* UICollectionViewExtension.swift */,
			);
			path = Extension;
			sourceTree = "<group>";
		};
		C1FBAF7E239D4F5B005A70B8 /* Model */ = {
			isa = PBXGroup;
			children = (
				C1FBAF6D239D3CB8005A70B8 /* Model.swift */,
			);
			path = Model;
			sourceTree = "<group>";
		};
		C1FBAF7F239D4F75005A70B8 /* Storyboard */ = {
			isa = PBXGroup;
			children = (
				C1114408239D39B7009854A8 /* Main.storyboard */,
				C111440D239D39B8009854A8 /* LaunchScreen.storyboard */,
			);
			path = Storyboard;
			sourceTree = "<group>";
		};
		C1FBAF82239D65B8005A70B8 /* WebService */ = {
			isa = PBXGroup;
			children = (
				C1FBAF83239D65D4005A70B8 /* WebService.swift */,
				C1FBAF85239D6A2E005A70B8 /* MoyaTarget.swift */,
			);
			path = WebService;
			sourceTree = "<group>";
		};
/* End PBXGroup section */

/* Begin PBXNativeTarget section */
		C1114400239D39B7009854A8 /* BinanceTest */ = {
			isa = PBXNativeTarget;
			buildConfigurationList = C1114413239D39B8009854A8 /* Build configuration list for PBXNativeTarget "BinanceTest" */;
			buildPhases = (
				26CF4A06C659B0500436D1A2 /* [CP] Check Pods Manifest.lock */,
				C11143FD239D39B7009854A8 /* Sources */,
				C11143FE239D39B7009854A8 /* Frameworks */,
				C11143FF239D39B7009854A8 /* Resources */,
				6411137B77FFDE06890AD64F /* [CP] Embed Pods Frameworks */,
			);
			buildRules = (
			);
			dependencies = (
			);
			name = BinanceTest;
			productName = BinanceTest;
			productReference = C1114401239D39B7009854A8 /* BinanceTest.app */;
			productType = "com.apple.product-type.application";
		};
/* End PBXNativeTarget section */

/* Begin PBXProject section */
		C11143F9239D39B7009854A8 /* Project object */ = {
			isa = PBXProject;
			attributes = {
				LastSwiftUpdateCheck = 1030;
				LastUpgradeCheck = 1030;
				ORGANIZATIONNAME = kidnapper;
				TargetAttributes = {
					C1114400239D39B7009854A8 = {
						CreatedOnToolsVersion = 10.3;
					};
				};
			};
			buildConfigurationList = C11143FC239D39B7009854A8 /* Build configuration list for PBXProject "BinanceTest" */;
			compatibilityVersion = "Xcode 9.3";
			developmentRegion = en;
			hasScannedForEncodings = 0;
			knownRegions = (
				en,
				Base,
			);
			mainGroup = C11143F8239D39B7009854A8;
			productRefGroup = C1114402239D39B7009854A8 /* Products */;
			projectDirPath = "";
			projectRoot = "";
			targets = (
				C1114400239D39B7009854A8 /* BinanceTest */,
			);
		};
/* End PBXProject section */

/* Begin PBXResourcesBuildPhase section */
		C11143FF239D39B7009854A8 /* Resources */ = {
			isa = PBXResourcesBuildPhase;
			buildActionMask = 2147483647;
			files = (
				C111440F239D39B8009854A8 /* LaunchScreen.storyboard in Resources */,
				C111440C239D39B8009854A8 /* Assets.xcassets in Resources */,
				C111440A239D39B7009854A8 /* Main.storyboard in Resources */,
			);
			runOnlyForDeploymentPostprocessing = 0;
		};
/* End PBXResourcesBuildPhase section */

/* Begin PBXShellScriptBuildPhase section */
		26CF4A06C659B0500436D1A2 /* [CP] Check Pods Manifest.lock */ = {
			isa = PBXShellScriptBuildPhase;
			buildActionMask = 2147483647;
			files = (
			);
			inputFileListPaths = (
			);
			inputPaths = (
				"${PODS_PODFILE_DIR_PATH}/Podfile.lock",
				"${PODS_ROOT}/Manifest.lock",
			);
			name = "[CP] Check Pods Manifest.lock";
			outputFileListPaths = (
			);
			outputPaths = (
				"$(DERIVED_FILE_DIR)/Pods-BinanceTest-checkManifestLockResult.txt",
			);
			runOnlyForDeploymentPostprocessing = 0;
			shellPath = /bin/sh;
			shellScript = "diff \"${PODS_PODFILE_DIR_PATH}/Podfile.lock\" \"${PODS_ROOT}/Manifest.lock\" > /dev/null\nif [ $? != 0 ] ; then\n    # print error to STDERR\n    echo \"error: The sandbox is not in sync with the Podfile.lock. Run 'pod install' or update your CocoaPods installation.\" >&2\n    exit 1\nfi\n# This output is used by Xcode 'outputs' to avoid re-running this script phase.\necho \"SUCCESS\" > \"${SCRIPT_OUTPUT_FILE_0}\"\n";
			showEnvVarsInLog = 0;
		};
		6411137B77FFDE06890AD64F /* [CP] Embed Pods Frameworks */ = {
			isa = PBXShellScriptBuildPhase;
			buildActionMask = 2147483647;
			files = (
			);
			inputFileListPaths = (
				"${PODS_ROOT}/Target Support Files/Pods-BinanceTest/Pods-BinanceTest-frameworks-${CONFIGURATION}-input-files.xcfilelist",
			);
			name = "[CP] Embed Pods Frameworks";
			outputFileListPaths = (
				"${PODS_ROOT}/Target Support Files/Pods-BinanceTest/Pods-BinanceTest-frameworks-${CONFIGURATION}-output-files.xcfilelist",
			);
			runOnlyForDeploymentPostprocessing = 0;
			shellPath = /bin/sh;
			shellScript = "\"${PODS_ROOT}/Target Support Files/Pods-BinanceTest/Pods-BinanceTest-frameworks.sh\"\n";
			showEnvVarsInLog = 0;
		};
/* End PBXShellScriptBuildPhase section */

/* Begin PBXSourcesBuildPhase section */
		C11143FD239D39B7009854A8 /* Sources */ = {
			isa = PBXSourcesBuildPhase;
			buildActionMask = 2147483647;
			files = (
				C1FBAF72239D4A28005A70B8 /* TradingViewModel.swift in Sources */,
				C1FBAF6E239D3CB8005A70B8 /* Model.swift in Sources */,
				C1FBAF78239D4F17005A70B8 /* TradingCollectionViewCell.swift in Sources */,
				C1FBAF74239D4E30005A70B8 /* UIView+Constrains.swift in Sources */,
				C1FBAF81239D55AF005A70B8 /* UICollectionViewExtension.swift in Sources */,
				C1C02E1C23A6928D00A3DE70 /* HistoryViewController.swift in Sources */,
				C1114407239D39B7009854A8 /* TradingViewController.swift in Sources */,
				C1114405239D39B7009854A8 /* AppDelegate.swift in Sources */,
				C10A4F0D23A5E0640060891C /* TradingPageViewController.swift in Sources */,
				C1FBAF70239D4617005A70B8 /* ArrayExtension.swift in Sources */,
				C1C02E2023A6984C00A3DE70 /* HistoryCollectionViewHeader.swift in Sources */,
				C1C02E1E23A692B700A3DE70 /* HistoryViewModel.swift in Sources */,
				C1C02E2223A69A0C00A3DE70 /* HistoryCollectionViewCell.swift in Sources */,
				C1FBAF84239D65D4005A70B8 /* WebService.swift in Sources */,
				C1FBAF76239D4EC8005A70B8 /* NSObject+ClassName.swift in Sources */,
				C14247D423A5E5D300E73DAA /* TradingCollectionViewHeader.swift in Sources */,
				C1FBAF86239D6A2E005A70B8 /* MoyaTarget.swift in Sources */,
			);
			runOnlyForDeploymentPostprocessing = 0;
		};
/* End PBXSourcesBuildPhase section */

/* Begin PBXVariantGroup section */
		C1114408239D39B7009854A8 /* Main.storyboard */ = {
			isa = PBXVariantGroup;
			children = (
				C1114409239D39B7009854A8 /* Base */,
			);
			name = Main.storyboard;
			sourceTree = "<group>";
		};
		C111440D239D39B8009854A8 /* LaunchScreen.storyboard */ = {
			isa = PBXVariantGroup;
			children = (
				C111440E239D39B8009854A8 /* Base */,
			);
			name = LaunchScreen.storyboard;
			sourceTree = "<group>";
		};
/* End PBXVariantGroup section */

/* Begin XCBuildConfiguration section */
		C1114411239D39B8009854A8 /* Debug */ = {
			isa = XCBuildConfiguration;
			buildSettings = {
				ALWAYS_SEARCH_USER_PATHS = NO;
				CLANG_ANALYZER_NONNULL = YES;
				CLANG_ANALYZER_NUMBER_OBJECT_CONVERSION = YES_AGGRESSIVE;
				CLANG_CXX_LANGUAGE_STANDARD = "gnu++14";
				CLANG_CXX_LIBRARY = "libc++";
				CLANG_ENABLE_MODULES = YES;
				CLANG_ENABLE_OBJC_ARC = YES;
				CLANG_ENABLE_OBJC_WEAK = YES;
				CLANG_WARN_BLOCK_CAPTURE_AUTORELEASING = YES;
				CLANG_WARN_BOOL_CONVERSION = YES;
				CLANG_WARN_COMMA = YES;
				CLANG_WARN_CONSTANT_CONVERSION = YES;
				CLANG_WARN_DEPRECATED_OBJC_IMPLEMENTATIONS = YES;
				CLANG_WARN_DIRECT_OBJC_ISA_USAGE = YES_ERROR;
				CLANG_WARN_DOCUMENTATION_COMMENTS = YES;
				CLANG_WARN_EMPTY_BODY = YES;
				CLANG_WARN_ENUM_CONVERSION = YES;
				CLANG_WARN_INFINITE_RECURSION = YES;
				CLANG_WARN_INT_CONVERSION = YES;
				CLANG_WARN_NON_LITERAL_NULL_CONVERSION = YES;
				CLANG_WARN_OBJC_IMPLICIT_RETAIN_SELF = YES;
				CLANG_WARN_OBJC_LITERAL_CONVERSION = YES;
				CLANG_WARN_OBJC_ROOT_CLASS = YES_ERROR;
				CLANG_WARN_RANGE_LOOP_ANALYSIS = YES;
				CLANG_WARN_STRICT_PROTOTYPES = YES;
				CLANG_WARN_SUSPICIOUS_MOVE = YES;
				CLANG_WARN_UNGUARDED_AVAILABILITY = YES_AGGRESSIVE;
				CLANG_WARN_UNREACHABLE_CODE = YES;
				CLANG_WARN__DUPLICATE_METHOD_MATCH = YES;
				CODE_SIGN_IDENTITY = "iPhone Developer";
				COPY_PHASE_STRIP = NO;
				DEBUG_INFORMATION_FORMAT = dwarf;
				ENABLE_STRICT_OBJC_MSGSEND = YES;
				ENABLE_TESTABILITY = YES;
				GCC_C_LANGUAGE_STANDARD = gnu11;
				GCC_DYNAMIC_NO_PIC = NO;
				GCC_NO_COMMON_BLOCKS = YES;
				GCC_OPTIMIZATION_LEVEL = 0;
				GCC_PREPROCESSOR_DEFINITIONS = (
					"DEBUG=1",
					"$(inherited)",
				);
				GCC_WARN_64_TO_32_BIT_CONVERSION = YES;
				GCC_WARN_ABOUT_RETURN_TYPE = YES_ERROR;
				GCC_WARN_UNDECLARED_SELECTOR = YES;
				GCC_WARN_UNINITIALIZED_AUTOS = YES_AGGRESSIVE;
				GCC_WARN_UNUSED_FUNCTION = YES;
				GCC_WARN_UNUSED_VARIABLE = YES;
				IPHONEOS_DEPLOYMENT_TARGET = 12.4;
				MTL_ENABLE_DEBUG_INFO = INCLUDE_SOURCE;
				MTL_FAST_MATH = YES;
				ONLY_ACTIVE_ARCH = YES;
				SDKROOT = iphoneos;
				SWIFT_ACTIVE_COMPILATION_CONDITIONS = DEBUG;
				SWIFT_OPTIMIZATION_LEVEL = "-Onone";
			};
			name = Debug;
		};
		C1114412239D39B8009854A8 /* Release */ = {
			isa = XCBuildConfiguration;
			buildSettings = {
				ALWAYS_SEARCH_USER_PATHS = NO;
				CLANG_ANALYZER_NONNULL = YES;
				CLANG_ANALYZER_NUMBER_OBJECT_CONVERSION = YES_AGGRESSIVE;
				CLANG_CXX_LANGUAGE_STANDARD = "gnu++14";
				CLANG_CXX_LIBRARY = "libc++";
				CLANG_ENABLE_MODULES = YES;
				CLANG_ENABLE_OBJC_ARC = YES;
				CLANG_ENABLE_OBJC_WEAK = YES;
				CLANG_WARN_BLOCK_CAPTURE_AUTORELEASING = YES;
				CLANG_WARN_BOOL_CONVERSION = YES;
				CLANG_WARN_COMMA = YES;
				CLANG_WARN_CONSTANT_CONVERSION = YES;
				CLANG_WARN_DEPRECATED_OBJC_IMPLEMENTATIONS = YES;
				CLANG_WARN_DIRECT_OBJC_ISA_USAGE = YES_ERROR;
				CLANG_WARN_DOCUMENTATION_COMMENTS = YES;
				CLANG_WARN_EMPTY_BODY = YES;
				CLANG_WARN_ENUM_CONVERSION = YES;
				CLANG_WARN_INFINITE_RECURSION = YES;
				CLANG_WARN_INT_CONVERSION = YES;
				CLANG_WARN_NON_LITERAL_NULL_CONVERSION = YES;
				CLANG_WARN_OBJC_IMPLICIT_RETAIN_SELF = YES;
				CLANG_WARN_OBJC_LITERAL_CONVERSION = YES;
				CLANG_WARN_OBJC_ROOT_CLASS = YES_ERROR;
				CLANG_WARN_RANGE_LOOP_ANALYSIS = YES;
				CLANG_WARN_STRICT_PROTOTYPES = YES;
				CLANG_WARN_SUSPICIOUS_MOVE = YES;
				CLANG_WARN_UNGUARDED_AVAILABILITY = YES_AGGRESSIVE;
				CLANG_WARN_UNREACHABLE_CODE = YES;
				CLANG_WARN__DUPLICATE_METHOD_MATCH = YES;
				CODE_SIGN_IDENTITY = "iPhone Developer";
				COPY_PHASE_STRIP = NO;
				DEBUG_INFORMATION_FORMAT = "dwarf-with-dsym";
				ENABLE_NS_ASSERTIONS = NO;
				ENABLE_STRICT_OBJC_MSGSEND = YES;
				GCC_C_LANGUAGE_STANDARD = gnu11;
				GCC_NO_COMMON_BLOCKS = YES;
				GCC_WARN_64_TO_32_BIT_CONVERSION = YES;
				GCC_WARN_ABOUT_RETURN_TYPE = YES_ERROR;
				GCC_WARN_UNDECLARED_SELECTOR = YES;
				GCC_WARN_UNINITIALIZED_AUTOS = YES_AGGRESSIVE;
				GCC_WARN_UNUSED_FUNCTION = YES;
				GCC_WARN_UNUSED_VARIABLE = YES;
				IPHONEOS_DEPLOYMENT_TARGET = 12.4;
				MTL_ENABLE_DEBUG_INFO = NO;
				MTL_FAST_MATH = YES;
				SDKROOT = iphoneos;
				SWIFT_COMPILATION_MODE = wholemodule;
				SWIFT_OPTIMIZATION_LEVEL = "-O";
				VALIDATE_PRODUCT = YES;
			};
			name = Release;
		};
		C1114414239D39B8009854A8 /* Debug */ = {
			isa = XCBuildConfiguration;
			baseConfigurationReference = 1334EE57CC63FA96FE7E5F81 /* Pods-BinanceTest.debug.xcconfig */;
			buildSettings = {
				ASSETCATALOG_COMPILER_APPICON_NAME = AppIcon;
				CODE_SIGN_STYLE = Automatic;
				DEVELOPMENT_TEAM = ZBNB4ZFFP9;
				INFOPLIST_FILE = BinanceTest/Info.plist;
				LD_RUNPATH_SEARCH_PATHS = (
					"$(inherited)",
					"@executable_path/Frameworks",
				);
				PRODUCT_BUNDLE_IDENTIFIER = com.kidnapper.BinanceTest;
				PRODUCT_NAME = "$(TARGET_NAME)";
				SWIFT_VERSION = 5.0;
				TARGETED_DEVICE_FAMILY = "1,2";
			};
			name = Debug;
		};
		C1114415239D39B8009854A8 /* Release */ = {
			isa = XCBuildConfiguration;
			baseConfigurationReference = 4C8EEF343E5F43AB601AEC76 /* Pods-BinanceTest.release.xcconfig */;
			buildSettings = {
				ASSETCATALOG_COMPILER_APPICON_NAME = AppIcon;
				CODE_SIGN_STYLE = Automatic;
				DEVELOPMENT_TEAM = ZBNB4ZFFP9;
				INFOPLIST_FILE = BinanceTest/Info.plist;
				LD_RUNPATH_SEARCH_PATHS = (
					"$(inherited)",
					"@executable_path/Frameworks",
				);
				PRODUCT_BUNDLE_IDENTIFIER = com.kidnapper.BinanceTest;
				PRODUCT_NAME = "$(TARGET_NAME)";
				SWIFT_VERSION = 5.0;
				TARGETED_DEVICE_FAMILY = "1,2";
			};
			name = Release;
		};
/* End XCBuildConfiguration section */

/* Begin XCConfigurationList section */
		C11143FC239D39B7009854A8 /* Build configuration list for PBXProject "BinanceTest" */ = {
			isa = XCConfigurationList;
			buildConfigurations = (
				C1114411239D39B8009854A8 /* Debug */,
				C1114412239D39B8009854A8 /* Release */,
			);
			defaultConfigurationIsVisible = 0;
			defaultConfigurationName = Release;
		};
		C1114413239D39B8009854A8 /* Build configuration list for PBXNativeTarget "BinanceTest" */ = {
			isa = XCConfigurationList;
			buildConfigurations = (
				C1114414239D39B8009854A8 /* Debug */,
				C1114415239D39B8009854A8 /* Release */,
			);
			defaultConfigurationIsVisible = 0;
			defaultConfigurationName = Release;
		};
/* End XCConfigurationList section */
	};
	rootObject = C11143F9239D39B7009854A8 /* Project object */;
}
